
Microsoft Visual Studio Solution File, Format Version 12.00
# Visual Studio Version 17
VisualStudioVersion = 17.3.32922.545
MinimumVisualStudioVersion = 10.0.40219.1
Project("{9A19103F-16F7-4668-BE54-9A1E7A4F7556}") = "BlazingTrails.Client", "BlazingTrails.Client\BlazingTrails.Client.csproj", "{4B1E8424-D64D-4084-9AAE-1FE8F9F38BD6}"
EndProject
Project("{9A19103F-16F7-4668-BE54-9A1E7A4F7556}") = "BlazingTrails.Api", "BlazingTrails.Api\BlazingTrails.Api.csproj", "{FE29C55F-40AF-4B8B-AC67-4E5CB35977D4}"
EndProject
Project("{9A19103F-16F7-4668-BE54-9A1E7A4F7556}") = "BlazingTrails.Shared", "BlazingTrails.Shared\BlazingTrails.Shared.csproj", "{BE39413A-2356-4FE2-B00E-7811266BBA8A}"
EndProject
Project("{9A19103F-16F7-4668-BE54-9A1E7A4F7556}") = "BlazingTrails.ComponentLibrary", "BlazingTrails.ComponentLibrary\BlazingTrails.ComponentLibrary.csproj", "{E666DE32-100A-4B1E-8652-3C2D20CCE28F}"
EndProject
Global
	GlobalSection(SolutionConfigurationPlatforms) = preSolution
		Debug|Any CPU = Debug|Any CPU
		Release|Any CPU = Release|Any CPU
	EndGlobalSection
	GlobalSection(ProjectConfigurationPlatforms) = postSolution
		{4B1E8424-D64D-4084-9AAE-1FE8F9F38BD6}.Debug|Any CPU.ActiveCfg = Debug|Any CPU
		{4B1E8424-D64D-4084-9AAE-1FE8F9F38BD6}.Debug|Any CPU.Build.0 = Debug|Any CPU
		{4B1E8424-D64D-4084-9AAE-1FE8F9F38BD6}.Release|Any CPU.ActiveCfg = Release|Any CPU
		{4B1E8424-D64D-4084-9AAE-1FE8F9F38BD6}.Release|Any CPU.Build.0 = Release|Any CPU
		{FE29C55F-40AF-4B8B-AC67-4E5CB35977D4}.Debug|Any CPU.ActiveCfg = Debug|Any CPU
		{FE29C55F-40AF-4B8B-AC67-4E5CB35977D4}.Debug|Any CPU.Build.0 = Debug|Any CPU
		{FE29C55F-40AF-4B8B-AC67-4E5CB35977D4}.Release|Any CPU.ActiveCfg = Release|Any CPU
		{FE29C55F-40AF-4B8B-AC67-4E5CB35977D4}.Release|Any CPU.Build.0 = Release|Any CPU
		{BE39413A-2356-4FE2-B00E-7811266BBA8A}.Debug|Any CPU.ActiveCfg = Debug|Any CPU
		{BE39413A-2356-4FE2-B00E-7811266BBA8A}.Debug|Any CPU.Build.0 = Debug|Any CPU
		{BE39413A-2356-4FE2-B00E-7811266BBA8A}.Release|Any CPU.ActiveCfg = Release|Any CPU
		{BE39413A-2356-4FE2-B00E-7811266BBA8A}.Release|Any CPU.Build.0 = Release|Any CPU
		{E666DE32-100A-4B1E-8652-3C2D20CCE28F}.Debug|Any CPU.ActiveCfg = Debug|Any CPU
		{E666DE32-100A-4B1E-8652-3C2D20CCE28F}.Debug|Any CPU.Build.0 = Debug|Any CPU
		{E666DE32-100A-4B1E-8652-3C2D20CCE28F}.Release|Any CPU.ActiveCfg = Release|Any CPU
		{E666DE32-100A-4B1E-8652-3C2D20CCE28F}.Release|Any CPU.Build.0 = Release|Any CPU
	EndGlobalSection
	GlobalSection(SolutionProperties) = preSolution
		HideSolutionNode = FALSE
	EndGlobalSection
	GlobalSection(ExtensibilityGlobals) = postSolution
		SolutionGuid = {C74A7B4C-A49B-42F3-919C-5608E87F19FA}
	EndGlobalSection
EndGlobal
